
Microsoft Visual Studio Solution File, Format Version 12.00
# Visual Studio 15
VisualStudioVersion = 15.0.26124.0
MinimumVisualStudioVersion = 15.0.26124.0
Project("{2150E333-8FDC-42A3-9474-1A3956D46DE8}") = "src", "src", "{25BEEAA9-D218-4922-B07A-12E1F3ADA310}"
EndProject
Project("{FAE04EC0-301F-11D3-BF4B-00C04F79EFBC}") = "BookARoom.Domain", "src\BookARoom.Domain\BookARoom.Domain.csproj", "{635F3E40-1A85-4A73-BB30-49E4F2746AC4}"
EndProject
Project("{FAE04EC0-301F-11D3-BF4B-00C04F79EFBC}") = "BookARoom.Infra", "src\BookARoom.Infra\BookARoom.Infra.csproj", "{C3FC86B2-6FF7-4A89-8A4E-946191BAE427}"
EndProject
Project("{FAE04EC0-301F-11D3-BF4B-00C04F79EFBC}") = "BookARoom.Infra.Web", "src\BookARoom.Infra.Web\BookARoom.Infra.Web.csproj", "{313A1E63-232B-463B-A97A-9896551EA260}"
EndProject
Project("{FAE04EC0-301F-11D3-BF4B-00C04F79EFBC}") = "BookARoom.IntegrationModel", "src\BookARoom.IntegrationModel\BookARoom.IntegrationModel.csproj", "{BB459D8A-02A7-4AEF-884A-55846B86BC50}"
EndProject
Global
	GlobalSection(SolutionConfigurationPlatforms) = preSolution
		Debug|Any CPU = Debug|Any CPU
		Debug|x64 = Debug|x64
		Debug|x86 = Debug|x86
		Release|Any CPU = Release|Any CPU
		Release|x64 = Release|x64
		Release|x86 = Release|x86
	EndGlobalSection
	GlobalSection(SolutionProperties) = preSolution
		HideSolutionNode = FALSE
	EndGlobalSection
	GlobalSection(ProjectConfigurationPlatforms) = postSolution
		{635F3E40-1A85-4A73-BB30-49E4F2746AC4}.Debug|Any CPU.ActiveCfg = Debug|Any CPU
		{635F3E40-1A85-4A73-BB30-49E4F2746AC4}.Debug|Any CPU.Build.0 = Debug|Any CPU
		{635F3E40-1A85-4A73-BB30-49E4F2746AC4}.Debug|x64.ActiveCfg = Debug|Any CPU
		{635F3E40-1A85-4A73-BB30-49E4F2746AC4}.Debug|x64.Build.0 = Debug|Any CPU
		{635F3E40-1A85-4A73-BB30-49E4F2746AC4}.Debug|x86.ActiveCfg = Debug|Any CPU
		{635F3E40-1A85-4A73-BB30-49E4F2746AC4}.Debug|x86.Build.0 = Debug|Any CPU
		{635F3E40-1A85-4A73-BB30-49E4F2746AC4}.Release|Any CPU.ActiveCfg = Release|Any CPU
		{635F3E40-1A85-4A73-BB30-49E4F2746AC4}.Release|Any CPU.Build.0 = Release|Any CPU
		{635F3E40-1A85-4A73-BB30-49E4F2746AC4}.Release|x64.ActiveCfg = Release|Any CPU
		{635F3E40-1A85-4A73-BB30-49E4F2746AC4}.Release|x64.Build.0 = Release|Any CPU
		{635F3E40-1A85-4A73-BB30-49E4F2746AC4}.Release|x86.ActiveCfg = Release|Any CPU
		{635F3E40-1A85-4A73-BB30-49E4F2746AC4}.Release|x86.Build.0 = Release|Any CPU
		{C3FC86B2-6FF7-4A89-8A4E-946191BAE427}.Debug|Any CPU.ActiveCfg = Debug|Any CPU
		{C3FC86B2-6FF7-4A89-8A4E-946191BAE427}.Debug|Any CPU.Build.0 = Debug|Any CPU
		{C3FC86B2-6FF7-4A89-8A4E-946191BAE427}.Debug|x64.ActiveCfg = Debug|Any CPU
		{C3FC86B2-6FF7-4A89-8A4E-946191BAE427}.Debug|x64.Build.0 = Debug|Any CPU
		{C3FC86B2-6FF7-4A89-8A4E-946191BAE427}.Debug|x86.ActiveCfg = Debug|Any CPU
		{C3FC86B2-6FF7-4A89-8A4E-946191BAE427}.Debug|x86.Build.0 = Debug|Any CPU
		{C3FC86B2-6FF7-4A89-8A4E-946191BAE427}.Release|Any CPU.ActiveCfg = Release|Any CPU
		{C3FC86B2-6FF7-4A89-8A4E-946191BAE427}.Release|Any CPU.Build.0 = Release|Any CPU
		{C3FC86B2-6FF7-4A89-8A4E-946191BAE427}.Release|x64.ActiveCfg = Release|Any CPU
		{C3FC86B2-6FF7-4A89-8A4E-946191BAE427}.Release|x64.Build.0 = Release|Any CPU
		{C3FC86B2-6FF7-4A89-8A4E-946191BAE427}.Release|x86.ActiveCfg = Release|Any CPU
		{C3FC86B2-6FF7-4A89-8A4E-946191BAE427}.Release|x86.Build.0 = Release|Any CPU
		{313A1E63-232B-463B-A97A-9896551EA260}.Debug|Any CPU.ActiveCfg = Debug|Any CPU
		{313A1E63-232B-463B-A97A-9896551EA260}.Debug|Any CPU.Build.0 = Debug|Any CPU
		{313A1E63-232B-463B-A97A-9896551EA260}.Debug|x64.ActiveCfg = Debug|Any CPU
		{313A1E63-232B-463B-A97A-9896551EA260}.Debug|x64.Build.0 = Debug|Any CPU
		{313A1E63-232B-463B-A97A-9896551EA260}.Debug|x86.ActiveCfg = Debug|Any CPU
		{313A1E63-232B-463B-A97A-9896551EA260}.Debug|x86.Build.0 = Debug|Any CPU
		{313A1E63-232B-463B-A97A-9896551EA260}.Release|Any CPU.ActiveCfg = Release|Any CPU
		{313A1E63-232B-463B-A97A-9896551EA260}.Release|Any CPU.Build.0 = Release|Any CPU
		{313A1E63-232B-463B-A97A-9896551EA260}.Release|x64.ActiveCfg = Release|Any CPU
		{313A1E63-232B-463B-A97A-9896551EA260}.Release|x64.Build.0 = Release|Any CPU
		{313A1E63-232B-463B-A97A-9896551EA260}.Release|x86.ActiveCfg = Release|Any CPU
		{313A1E63-232B-463B-A97A-9896551EA260}.Release|x86.Build.0 = Release|Any CPU
		{BB459D8A-02A7-4AEF-884A-55846B86BC50}.Debug|Any CPU.ActiveCfg = Debug|Any CPU
		{BB459D8A-02A7-4AEF-884A-55846B86BC50}.Debug|Any CPU.Build.0 = Debug|Any CPU
		{BB459D8A-02A7-4AEF-884A-55846B86BC50}.Debug|x64.ActiveCfg = Debug|Any CPU
		{BB459D8A-02A7-4AEF-884A-55846B86BC50}.Debug|x64.Build.0 = Debug|Any CPU
		{BB459D8A-02A7-4AEF-884A-55846B86BC50}.Debug|x86.ActiveCfg = Debug|Any CPU
		{BB459D8A-02A7-4AEF-884A-55846B86BC50}.Debug|x86.Build.0 = Debug|Any CPU
		{BB459D8A-02A7-4AEF-884A-55846B86BC50}.Release|Any CPU.ActiveCfg = Release|Any CPU
		{BB459D8A-02A7-4AEF-884A-55846B86BC50}.Release|Any CPU.Build.0 = Release|Any CPU
		{BB459D8A-02A7-4AEF-884A-55846B86BC50}.Release|x64.ActiveCfg = Release|Any CPU
		{BB459D8A-02A7-4AEF-884A-55846B86BC50}.Release|x64.Build.0 = Release|Any CPU
		{BB459D8A-02A7-4AEF-884A-55846B86BC50}.Release|x86.ActiveCfg = Release|Any CPU
		{BB459D8A-02A7-4AEF-884A-55846B86BC50}.Release|x86.Build.0 = Release|Any CPU
	EndGlobalSection
	GlobalSection(NestedProjects) = preSolution
		{635F3E40-1A85-4A73-BB30-49E4F2746AC4} = {25BEEAA9-D218-4922-B07A-12E1F3ADA310}
		{C3FC86B2-6FF7-4A89-8A4E-946191BAE427} = {25BEEAA9-D218-4922-B07A-12E1F3ADA310}
		{313A1E63-232B-463B-A97A-9896551EA260} = {25BEEAA9-D218-4922-B07A-12E1F3ADA310}
		{BB459D8A-02A7-4AEF-884A-55846B86BC50} = {25BEEAA9-D218-4922-B07A-12E1F3ADA310}
	EndGlobalSection
EndGlobal
